
Microsoft Visual Studio Solution File, Format Version 12.00
# Visual Studio Version 16
VisualStudioVersion = 16.0.30225.117
MinimumVisualStudioVersion = 10.0.40219.1
Project("{FAE04EC0-301F-11D3-BF4B-00C04F79EFBC}") = "T2GoConverterUI", "T2GoConverterUI\T2GoConverterUI.csproj", "{3A4DA8A3-EC38-4BAD-9FAB-04B8810AEB91}"
EndProject
Project("{FAE04EC0-301F-11D3-BF4B-00C04F79EFBC}") = "ConvertToExcelLibrary", "ConvertToExcelLibrary\ConvertToExcelLibrary.csproj", "{90E5D3AE-6725-44B3-BF04-3E50F716CA39}"
EndProject
Global
	GlobalSection(SolutionConfigurationPlatforms) = preSolution
		Debug|Any CPU = Debug|Any CPU
		Release|Any CPU = Release|Any CPU
	EndGlobalSection
	GlobalSection(ProjectConfigurationPlatforms) = postSolution
		{3A4DA8A3-EC38-4BAD-9FAB-04B8810AEB91}.Debug|Any CPU.ActiveCfg = Debug|Any CPU
		{3A4DA8A3-EC38-4BAD-9FAB-04B8810AEB91}.Debug|Any CPU.Build.0 = Debug|Any CPU
		{3A4DA8A3-EC38-4BAD-9FAB-04B8810AEB91}.Release|Any CPU.ActiveCfg = Release|Any CPU
		{3A4DA8A3-EC38-4BAD-9FAB-04B8810AEB91}.Release|Any CPU.Build.0 = Release|Any CPU
		{90E5D3AE-6725-44B3-BF04-3E50F716CA39}.Debug|Any CPU.ActiveCfg = Debug|Any CPU
		{90E5D3AE-6725-44B3-BF04-3E50F716CA39}.Debug|Any CPU.Build.0 = Debug|Any CPU
		{90E5D3AE-6725-44B3-BF04-3E50F716CA39}.Release|Any CPU.ActiveCfg = Release|Any CPU
		{90E5D3AE-6725-44B3-BF04-3E50F716CA39}.Release|Any CPU.Build.0 = Release|Any CPU
	EndGlobalSection
	GlobalSection(SolutionProperties) = preSolution
		HideSolutionNode = FALSE
	EndGlobalSection
	GlobalSection(ExtensibilityGlobals) = postSolution
		SolutionGuid = {59A97F35-A50F-4E9F-82B8-94000919031C}
	EndGlobalSection
EndGlobal
